
Microsoft Visual Studio Solution File, Format Version 12.00
# Visual Studio Version 16
VisualStudioVersion = 16.0.30225.117
MinimumVisualStudioVersion = 10.0.40219.1
Project("{2150E333-8FDC-42A3-9474-1A3956D46DE8}") = "Microservices", "Microservices", "{1B8CA3C7-C090-4F33-AF70-A782389EF7A8}"
EndProject
Project("{2150E333-8FDC-42A3-9474-1A3956D46DE8}") = "Domain", "Domain", "{9FD38871-0CD4-415F-A0B7-6F2A833843D0}"
EndProject
Project("{2150E333-8FDC-42A3-9474-1A3956D46DE8}") = "Infrastructure.Bus", "Infrastructure.Bus", "{F86EE641-22F2-4F0D-A821-A2ACBBA724C0}"
EndProject
Project("{2150E333-8FDC-42A3-9474-1A3956D46DE8}") = "Infrastructure.IoC", "Infrastructure.IoC", "{C3B34049-AA67-4F9B-AC71-3AC9E1F31FAA}"
EndProject
Project("{2150E333-8FDC-42A3-9474-1A3956D46DE8}") = "Presentation", "Presentation", "{7D1DD664-2845-488B-BB17-3E48ADDF844E}"
EndProject
Project("{9A19103F-16F7-4668-BE54-9A1E7A4F7556}") = "MicroRabbit.Domain.Core", "MicroRabbit.Domain.Core\MicroRabbit.Domain.Core.csproj", "{31BF9AE2-776F-42D0-B7D2-70E1CD3D09B7}"
EndProject
Project("{9A19103F-16F7-4668-BE54-9A1E7A4F7556}") = "MicroRabbit.Infrastructure.Bus", "MicroRabbit.Infrastructure.Bus\MicroRabbit.Infrastructure.Bus.csproj", "{B493B968-0C83-4875-9053-932731FB0F07}"
EndProject
Project("{9A19103F-16F7-4668-BE54-9A1E7A4F7556}") = "MicroRabbit.Infrastructure.IoC", "MicroRabbit.Infrastructure.IoC\MicroRabbit.Infrastructure.IoC.csproj", "{715C82DA-BE07-48FA-874C-A53960A3E0EE}"
EndProject
Project("{2150E333-8FDC-42A3-9474-1A3956D46DE8}") = "Banking", "Banking", "{EECB28B2-62A0-414F-8E48-78E2D9005E3E}"
EndProject
Project("{2150E333-8FDC-42A3-9474-1A3956D46DE8}") = "Api", "Api", "{AC12024A-B78F-4696-A67D-BE9A85477373}"
EndProject
Project("{2150E333-8FDC-42A3-9474-1A3956D46DE8}") = "Domain", "Domain", "{4028CA59-F3F4-4E0A-8234-5C5FC30228F3}"
EndProject
Project("{2150E333-8FDC-42A3-9474-1A3956D46DE8}") = "Application", "Application", "{45816D8C-876C-4A5E-B427-72556702D394}"
EndProject
Project("{2150E333-8FDC-42A3-9474-1A3956D46DE8}") = "Data", "Data", "{C75FC7B1-64FB-49A9-ABB6-7F2E161E9479}"
EndProject
Project("{9A19103F-16F7-4668-BE54-9A1E7A4F7556}") = "MicroRabbit.Banking.Api", "MicroRabbit.Banking.Api\MicroRabbit.Banking.Api.csproj", "{A47A7A5D-89B3-4266-A715-1D94917B8ECC}"
EndProject
Project("{9A19103F-16F7-4668-BE54-9A1E7A4F7556}") = "MicroRabbit.Banking.Data", "MicroRabbit.Banking.Data\MicroRabbit.Banking.Data.csproj", "{9B9088A5-4301-416B-9C44-C48716C6ABD0}"
EndProject
Project("{9A19103F-16F7-4668-BE54-9A1E7A4F7556}") = "MicroRabbit.Banking.Application", "MicroRabbit.Banking.Application\MicroRabbit.Banking.Application.csproj", "{CD8EFF57-93A6-40F1-A01D-B33AF95AF290}"
EndProject
Project("{9A19103F-16F7-4668-BE54-9A1E7A4F7556}") = "MicroRabbit.Banking.Domain", "MicroRabbit.Banking.Domain\MicroRabbit.Banking.Domain.csproj", "{1C9D7A4A-CAE3-4054-8153-C7C8851D8D1D}"
EndProject
Project("{2150E333-8FDC-42A3-9474-1A3956D46DE8}") = "Transfer", "Transfer", "{B3262B7B-DC8B-474E-B3F9-6137581F185B}"
EndProject
Project("{2150E333-8FDC-42A3-9474-1A3956D46DE8}") = "Api", "Api", "{2EE5D2A8-3E11-491E-A2DB-8B44EA6C3BF8}"
EndProject
Project("{2150E333-8FDC-42A3-9474-1A3956D46DE8}") = "Application", "Application", "{9555D57F-AB39-4DB5-BDC5-4117D5DEC356}"
EndProject
Project("{2150E333-8FDC-42A3-9474-1A3956D46DE8}") = "Data", "Data", "{720C983E-D8E6-4BFD-BB3B-5E481534337F}"
EndProject
Project("{2150E333-8FDC-42A3-9474-1A3956D46DE8}") = "Domain", "Domain", "{B2194F85-E59A-430A-BC14-D7D7E16A605A}"
EndProject
Project("{FAE04EC0-301F-11D3-BF4B-00C04F79EFBC}") = "MicroRabbit.Transfer.Api", "MicroRabbit.Transfer.Api\MicroRabbit.Transfer.Api.csproj", "{82FABC52-093F-4BA9-941F-9088B913221F}"
EndProject
Project("{FAE04EC0-301F-11D3-BF4B-00C04F79EFBC}") = "MicroRabbit.Transfer.Application", "MicroRabbit.Transfer.Application\MicroRabbit.Transfer.Application.csproj", "{B2B1816D-0916-4129-A461-06CE8388C77F}"
EndProject
Project("{FAE04EC0-301F-11D3-BF4B-00C04F79EFBC}") = "MicroRabbit.Transfer.Domain", "MicroRabbit.Transfer.Domain\MicroRabbit.Transfer.Domain.csproj", "{D35DBC42-CF93-47B1-8058-51F965FF7D7F}"
EndProject
Project("{FAE04EC0-301F-11D3-BF4B-00C04F79EFBC}") = "MicroRabbit.Transfer.Data", "MicroRabbit.Transfer.Data\MicroRabbit.Transfer.Data.csproj", "{35FB29FC-A75F-4242-8161-9FC15171C69F}"
EndProject
Global
	GlobalSection(SolutionConfigurationPlatforms) = preSolution
		Debug|Any CPU = Debug|Any CPU
		Release|Any CPU = Release|Any CPU
	EndGlobalSection
	GlobalSection(ProjectConfigurationPlatforms) = postSolution
		{31BF9AE2-776F-42D0-B7D2-70E1CD3D09B7}.Debug|Any CPU.ActiveCfg = Debug|Any CPU
		{31BF9AE2-776F-42D0-B7D2-70E1CD3D09B7}.Debug|Any CPU.Build.0 = Debug|Any CPU
		{31BF9AE2-776F-42D0-B7D2-70E1CD3D09B7}.Release|Any CPU.ActiveCfg = Release|Any CPU
		{31BF9AE2-776F-42D0-B7D2-70E1CD3D09B7}.Release|Any CPU.Build.0 = Release|Any CPU
		{B493B968-0C83-4875-9053-932731FB0F07}.Debug|Any CPU.ActiveCfg = Debug|Any CPU
		{B493B968-0C83-4875-9053-932731FB0F07}.Debug|Any CPU.Build.0 = Debug|Any CPU
		{B493B968-0C83-4875-9053-932731FB0F07}.Release|Any CPU.ActiveCfg = Release|Any CPU
		{B493B968-0C83-4875-9053-932731FB0F07}.Release|Any CPU.Build.0 = Release|Any CPU
		{715C82DA-BE07-48FA-874C-A53960A3E0EE}.Debug|Any CPU.ActiveCfg = Debug|Any CPU
		{715C82DA-BE07-48FA-874C-A53960A3E0EE}.Debug|Any CPU.Build.0 = Debug|Any CPU
		{715C82DA-BE07-48FA-874C-A53960A3E0EE}.Release|Any CPU.ActiveCfg = Release|Any CPU
		{715C82DA-BE07-48FA-874C-A53960A3E0EE}.Release|Any CPU.Build.0 = Release|Any CPU
		{A47A7A5D-89B3-4266-A715-1D94917B8ECC}.Debug|Any CPU.ActiveCfg = Debug|Any CPU
		{A47A7A5D-89B3-4266-A715-1D94917B8ECC}.Debug|Any CPU.Build.0 = Debug|Any CPU
		{A47A7A5D-89B3-4266-A715-1D94917B8ECC}.Release|Any CPU.ActiveCfg = Release|Any CPU
		{A47A7A5D-89B3-4266-A715-1D94917B8ECC}.Release|Any CPU.Build.0 = Release|Any CPU
		{9B9088A5-4301-416B-9C44-C48716C6ABD0}.Debug|Any CPU.ActiveCfg = Debug|Any CPU
		{9B9088A5-4301-416B-9C44-C48716C6ABD0}.Debug|Any CPU.Build.0 = Debug|Any CPU
		{9B9088A5-4301-416B-9C44-C48716C6ABD0}.Release|Any CPU.ActiveCfg = Release|Any CPU
		{9B9088A5-4301-416B-9C44-C48716C6ABD0}.Release|Any CPU.Build.0 = Release|Any CPU
		{CD8EFF57-93A6-40F1-A01D-B33AF95AF290}.Debug|Any CPU.ActiveCfg = Debug|Any CPU
		{CD8EFF57-93A6-40F1-A01D-B33AF95AF290}.Debug|Any CPU.Build.0 = Debug|Any CPU
		{CD8EFF57-93A6-40F1-A01D-B33AF95AF290}.Release|Any CPU.ActiveCfg = Release|Any CPU
		{CD8EFF57-93A6-40F1-A01D-B33AF95AF290}.Release|Any CPU.Build.0 = Release|Any CPU
		{1C9D7A4A-CAE3-4054-8153-C7C8851D8D1D}.Debug|Any CPU.ActiveCfg = Debug|Any CPU
		{1C9D7A4A-CAE3-4054-8153-C7C8851D8D1D}.Debug|Any CPU.Build.0 = Debug|Any CPU
		{1C9D7A4A-CAE3-4054-8153-C7C8851D8D1D}.Release|Any CPU.ActiveCfg = Release|Any CPU
		{1C9D7A4A-CAE3-4054-8153-C7C8851D8D1D}.Release|Any CPU.Build.0 = Release|Any CPU
		{82FABC52-093F-4BA9-941F-9088B913221F}.Debug|Any CPU.ActiveCfg = Debug|Any CPU
		{82FABC52-093F-4BA9-941F-9088B913221F}.Debug|Any CPU.Build.0 = Debug|Any CPU
		{82FABC52-093F-4BA9-941F-9088B913221F}.Release|Any CPU.ActiveCfg = Release|Any CPU
		{82FABC52-093F-4BA9-941F-9088B913221F}.Release|Any CPU.Build.0 = Release|Any CPU
		{B2B1816D-0916-4129-A461-06CE8388C77F}.Debug|Any CPU.ActiveCfg = Debug|Any CPU
		{B2B1816D-0916-4129-A461-06CE8388C77F}.Debug|Any CPU.Build.0 = Debug|Any CPU
		{B2B1816D-0916-4129-A461-06CE8388C77F}.Release|Any CPU.ActiveCfg = Release|Any CPU
		{B2B1816D-0916-4129-A461-06CE8388C77F}.Release|Any CPU.Build.0 = Release|Any CPU
		{D35DBC42-CF93-47B1-8058-51F965FF7D7F}.Debug|Any CPU.ActiveCfg = Debug|Any CPU
		{D35DBC42-CF93-47B1-8058-51F965FF7D7F}.Debug|Any CPU.Build.0 = Debug|Any CPU
		{D35DBC42-CF93-47B1-8058-51F965FF7D7F}.Release|Any CPU.ActiveCfg = Release|Any CPU
		{D35DBC42-CF93-47B1-8058-51F965FF7D7F}.Release|Any CPU.Build.0 = Release|Any CPU
		{35FB29FC-A75F-4242-8161-9FC15171C69F}.Debug|Any CPU.ActiveCfg = Debug|Any CPU
		{35FB29FC-A75F-4242-8161-9FC15171C69F}.Debug|Any CPU.Build.0 = Debug|Any CPU
		{35FB29FC-A75F-4242-8161-9FC15171C69F}.Release|Any CPU.ActiveCfg = Release|Any CPU
		{35FB29FC-A75F-4242-8161-9FC15171C69F}.Release|Any CPU.Build.0 = Release|Any CPU
	EndGlobalSection
	GlobalSection(SolutionProperties) = preSolution
		HideSolutionNode = FALSE
	EndGlobalSection
	GlobalSection(NestedProjects) = preSolution
		{31BF9AE2-776F-42D0-B7D2-70E1CD3D09B7} = {9FD38871-0CD4-415F-A0B7-6F2A833843D0}
		{B493B968-0C83-4875-9053-932731FB0F07} = {F86EE641-22F2-4F0D-A821-A2ACBBA724C0}
		{715C82DA-BE07-48FA-874C-A53960A3E0EE} = {C3B34049-AA67-4F9B-AC71-3AC9E1F31FAA}
		{EECB28B2-62A0-414F-8E48-78E2D9005E3E} = {1B8CA3C7-C090-4F33-AF70-A782389EF7A8}
		{AC12024A-B78F-4696-A67D-BE9A85477373} = {EECB28B2-62A0-414F-8E48-78E2D9005E3E}
		{4028CA59-F3F4-4E0A-8234-5C5FC30228F3} = {EECB28B2-62A0-414F-8E48-78E2D9005E3E}
		{45816D8C-876C-4A5E-B427-72556702D394} = {EECB28B2-62A0-414F-8E48-78E2D9005E3E}
		{C75FC7B1-64FB-49A9-ABB6-7F2E161E9479} = {EECB28B2-62A0-414F-8E48-78E2D9005E3E}
		{A47A7A5D-89B3-4266-A715-1D94917B8ECC} = {AC12024A-B78F-4696-A67D-BE9A85477373}
		{9B9088A5-4301-416B-9C44-C48716C6ABD0} = {C75FC7B1-64FB-49A9-ABB6-7F2E161E9479}
		{CD8EFF57-93A6-40F1-A01D-B33AF95AF290} = {45816D8C-876C-4A5E-B427-72556702D394}
		{1C9D7A4A-CAE3-4054-8153-C7C8851D8D1D} = {4028CA59-F3F4-4E0A-8234-5C5FC30228F3}
		{B3262B7B-DC8B-474E-B3F9-6137581F185B} = {1B8CA3C7-C090-4F33-AF70-A782389EF7A8}
		{2EE5D2A8-3E11-491E-A2DB-8B44EA6C3BF8} = {B3262B7B-DC8B-474E-B3F9-6137581F185B}
		{9555D57F-AB39-4DB5-BDC5-4117D5DEC356} = {B3262B7B-DC8B-474E-B3F9-6137581F185B}
		{720C983E-D8E6-4BFD-BB3B-5E481534337F} = {B3262B7B-DC8B-474E-B3F9-6137581F185B}
		{B2194F85-E59A-430A-BC14-D7D7E16A605A} = {B3262B7B-DC8B-474E-B3F9-6137581F185B}
		{82FABC52-093F-4BA9-941F-9088B913221F} = {2EE5D2A8-3E11-491E-A2DB-8B44EA6C3BF8}
		{B2B1816D-0916-4129-A461-06CE8388C77F} = {9555D57F-AB39-4DB5-BDC5-4117D5DEC356}
		{D35DBC42-CF93-47B1-8058-51F965FF7D7F} = {B2194F85-E59A-430A-BC14-D7D7E16A605A}
		{35FB29FC-A75F-4242-8161-9FC15171C69F} = {720C983E-D8E6-4BFD-BB3B-5E481534337F}
	EndGlobalSection
	GlobalSection(ExtensibilityGlobals) = postSolution
		SolutionGuid = {52AAC761-92C3-4FD9-A58A-3279C1BC0AD6}
	EndGlobalSection
EndGlobal
